// !$*UTF8*$!
{
	archiveVersion = 1;
	classes = {
	};
	objectVersion = 56;
	objects = {

/* Begin PBXBuildFile section */
		D054A37928F5E263007EA13C /* LeagueVC.swift in Sources */ = {isa = PBXBuildFile; fileRef = D054A37828F5E263007EA13C /* LeagueVC.swift */; };
		D054A37B28F5E285007EA13C /* SkillVC.swift in Sources */ = {isa = PBXBuildFile; fileRef = D054A37A28F5E285007EA13C /* SkillVC.swift */; };
		D054A37F28F5E51A007EA13C /* Player.swift in Sources */ = {isa = PBXBuildFile; fileRef = D054A37E28F5E51A007EA13C /* Player.swift */; };
		D096D27C28F4AFA900C940EC /* AppDelegate.swift in Sources */ = {isa = PBXBuildFile; fileRef = D096D27B28F4AFA900C940EC /* AppDelegate.swift */; };
		D096D27E28F4AFA900C940EC /* SceneDelegate.swift in Sources */ = {isa = PBXBuildFile; fileRef = D096D27D28F4AFA900C940EC /* SceneDelegate.swift */; };
		D096D28028F4AFA900C940EC /* WelcomeVC.swift in Sources */ = {isa = PBXBuildFile; fileRef = D096D27F28F4AFA900C940EC /* WelcomeVC.swift */; };
		D096D28328F4AFA900C940EC /* Main.storyboard in Resources */ = {isa = PBXBuildFile; fileRef = D096D28128F4AFA900C940EC /* Main.storyboard */; };
		D096D28528F4AFAB00C940EC /* Assets.xcassets in Resources */ = {isa = PBXBuildFile; fileRef = D096D28428F4AFAB00C940EC /* Assets.xcassets */; };
		D096D28828F4AFAB00C940EC /* LaunchScreen.storyboard in Resources */ = {isa = PBXBuildFile; fileRef = D096D28628F4AFAB00C940EC /* LaunchScreen.storyboard */; };
		D096D29128F4BE2F00C940EC /* BorderButton.swift in Sources */ = {isa = PBXBuildFile; fileRef = D096D29028F4BE2F00C940EC /* BorderButton.swift */; };
/* End PBXBuildFile section */

/* Begin PBXFileReference section */
		D054A37828F5E263007EA13C /* LeagueVC.swift */ = {isa = PBXFileReference; lastKnownFileType = sourcecode.swift; path = LeagueVC.swift; sourceTree = "<group>"; };
		D054A37A28F5E285007EA13C /* SkillVC.swift */ = {isa = PBXFileReference; lastKnownFileType = sourcecode.swift; path = SkillVC.swift; sourceTree = "<group>"; };
		D054A37E28F5E51A007EA13C /* Player.swift */ = {isa = PBXFileReference; lastKnownFileType = sourcecode.swift; path = Player.swift; sourceTree = "<group>"; };
		D096D27828F4AFA900C940EC /* app-swoosh.app */ = {isa = PBXFileReference; explicitFileType = wrapper.application; includeInIndex = 0; path = "app-swoosh.app"; sourceTree = BUILT_PRODUCTS_DIR; };
		D096D27B28F4AFA900C940EC /* AppDelegate.swift */ = {isa = PBXFileReference; lastKnownFileType = sourcecode.swift; path = AppDelegate.swift; sourceTree = "<group>"; };
		D096D27D28F4AFA900C940EC /* SceneDelegate.swift */ = {isa = PBXFileReference; lastKnownFileType = sourcecode.swift; path = SceneDelegate.swift; sourceTree = "<group>"; };
		D096D27F28F4AFA900C940EC /* WelcomeVC.swift */ = {isa = PBXFileReference; lastKnownFileType = sourcecode.swift; path = WelcomeVC.swift; sourceTree = "<group>"; };
		D096D28228F4AFA900C940EC /* Base */ = {isa = PBXFileReference; lastKnownFileType = file.storyboard; name = Base; path = Base.lproj/Main.storyboard; sourceTree = "<group>"; };
		D096D28428F4AFAB00C940EC /* Assets.xcassets */ = {isa = PBXFileReference; lastKnownFileType = folder.assetcatalog; path = Assets.xcassets; sourceTree = "<group>"; };
		D096D28728F4AFAB00C940EC /* Base */ = {isa = PBXFileReference; lastKnownFileType = file.storyboard; name = Base; path = Base.lproj/LaunchScreen.storyboard; sourceTree = "<group>"; };
		D096D28928F4AFAB00C940EC /* Info.plist */ = {isa = PBXFileReference; lastKnownFileType = text.plist.xml; path = Info.plist; sourceTree = "<group>"; };
		D096D29028F4BE2F00C940EC /* BorderButton.swift */ = {isa = PBXFileReference; lastKnownFileType = sourcecode.swift; path = BorderButton.swift; sourceTree = "<group>"; };
/* End PBXFileReference section */

/* Begin PBXFrameworksBuildPhase section */
		D096D27528F4AFA900C940EC /* Frameworks */ = {
			isa = PBXFrameworksBuildPhase;
			buildActionMask = 2147483647;
			files = (
			);
			runOnlyForDeploymentPostprocessing = 0;
		};
/* End PBXFrameworksBuildPhase section */

/* Begin PBXGroup section */
		D096D26F28F4AFA900C940EC = {
			isa = PBXGroup;
			children = (
				D096D27A28F4AFA900C940EC /* app-swoosh */,
				D096D27928F4AFA900C940EC /* Products */,
			);
			sourceTree = "<group>";
		};
		D096D27928F4AFA900C940EC /* Products */ = {
			isa = PBXGroup;
			children = (
				D096D27828F4AFA900C940EC /* app-swoosh.app */,
			);
			name = Products;
			sourceTree = "<group>";
		};
		D096D27A28F4AFA900C940EC /* app-swoosh */ = {
			isa = PBXGroup;
			children = (
				D096D29328F5E15300C940EC /* Controller */,
				D096D29228F5E14700C940EC /* Model */,
				D096D28F28F4BDED00C940EC /* Views */,
				D096D27B28F4AFA900C940EC /* AppDelegate.swift */,
				D096D27D28F4AFA900C940EC /* SceneDelegate.swift */,
				D096D28128F4AFA900C940EC /* Main.storyboard */,
				D096D28428F4AFAB00C940EC /* Assets.xcassets */,
				D096D28628F4AFAB00C940EC /* LaunchScreen.storyboard */,
				D096D28928F4AFAB00C940EC /* Info.plist */,
			);
			path = "app-swoosh";
			sourceTree = "<group>";
		};
		D096D28F28F4BDED00C940EC /* Views */ = {
			isa = PBXGroup;
			children = (
				D096D29028F4BE2F00C940EC /* BorderButton.swift */,
			);
			path = Views;
			sourceTree = "<group>";
		};
		D096D29228F5E14700C940EC /* Model */ = {
			isa = PBXGroup;
			children = (
				D054A37E28F5E51A007EA13C /* Player.swift */,
			);
			path = Model;
			sourceTree = "<group>";
		};
		D096D29328F5E15300C940EC /* Controller */ = {
			isa = PBXGroup;
			children = (
				D096D27F28F4AFA900C940EC /* WelcomeVC.swift */,
				D054A37828F5E263007EA13C /* LeagueVC.swift */,
				D054A37A28F5E285007EA13C /* SkillVC.swift */,
			);
			path = Controller;
			sourceTree = "<group>";
		};
/* End PBXGroup section */

/* Begin PBXNativeTarget section */
		D096D27728F4AFA900C940EC /* app-swoosh */ = {
			isa = PBXNativeTarget;
			buildConfigurationList = D096D28C28F4AFAB00C940EC /* Build configuration list for PBXNativeTarget "app-swoosh" */;
			buildPhases = (
				D096D27428F4AFA900C940EC /* Sources */,
				D096D27528F4AFA900C940EC /* Frameworks */,
				D096D27628F4AFA900C940EC /* Resources */,
			);
			buildRules = (
			);
			dependencies = (
			);
			name = "app-swoosh";
			productName = "app-swoosh";
			productReference = D096D27828F4AFA900C940EC /* app-swoosh.app */;
			productType = "com.apple.product-type.application";
		};
/* End PBXNativeTarget section */

/* Begin PBXProject section */
		D096D27028F4AFA900C940EC /* Project object */ = {
			isa = PBXProject;
			attributes = {
				BuildIndependentTargetsInParallel = 1;
				LastSwiftUpdateCheck = 1400;
				LastUpgradeCheck = 1400;
				TargetAttributes = {
					D096D27728F4AFA900C940EC = {
						CreatedOnToolsVersion = 14.0.1;
					};
				};
			};
			buildConfigurationList = D096D27328F4AFA900C940EC /* Build configuration list for PBXProject "app-swoosh" */;
			compatibilityVersion = "Xcode 14.0";
			developmentRegion = en;
			hasScannedForEncodings = 0;
			knownRegions = (
				en,
				Base,
			);
			mainGroup = D096D26F28F4AFA900C940EC;
			productRefGroup = D096D27928F4AFA900C940EC /* Products */;
			projectDirPath = "";
			projectRoot = "";
			targets = (
				D096D27728F4AFA900C940EC /* app-swoosh */,
			);
		};
/* End PBXProject section */

/* Begin PBXResourcesBuildPhase section */
		D096D27628F4AFA900C940EC /* Resources */ = {
			isa = PBXResourcesBuildPhase;
			buildActionMask = 2147483647;
			files = (
				D096D28828F4AFAB00C940EC /* LaunchScreen.storyboard in Resources */,
				D096D28528F4AFAB00C940EC /* Assets.xcassets in Resources */,
				D096D28328F4AFA900C940EC /* Main.storyboard in Resources */,
			);
			runOnlyForDeploymentPostprocessing = 0;
		};
/* End PBXResourcesBuildPhase section */

/* Begin PBXSourcesBuildPhase section */
		D096D27428F4AFA900C940EC /* Sources */ = {
			isa = PBXSourcesBuildPhase;
			buildActionMask = 2147483647;
			files = (
				D054A37928F5E263007EA13C /* LeagueVC.swift in Sources */,
				D096D28028F4AFA900C940EC /* WelcomeVC.swift in Sources */,
				D096D27C28F4AFA900C940EC /* AppDelegate.swift in Sources */,
				D096D27E28F4AFA900C940EC /* SceneDelegate.swift in Sources */,
				D054A37F28F5E51A007EA13C /* Player.swift in Sources */,
				D054A37B28F5E285007EA13C /* SkillVC.swift in Sources */,
				D096D29128F4BE2F00C940EC /* BorderButton.swift in Sources */,
			);
			runOnlyForDeploymentPostprocessing = 0;
		};
/* End PBXSourcesBuildPhase section */

/* Begin PBXVariantGroup section */
		D096D28128F4AFA900C940EC /* Main.storyboard */ = {
			isa = PBXVariantGroup;
			children = (
				D096D28228F4AFA900C940EC /* Base */,
			);
			name = Main.storyboard;
			sourceTree = "<group>";
		};
		D096D28628F4AFAB00C940EC /* LaunchScreen.storyboard */ = {
			isa = PBXVariantGroup;
			children = (
				D096D28728F4AFAB00C940EC /* Base */,
			);
			name = LaunchScreen.storyboard;
			sourceTree = "<group>";
		};
/* End PBXVariantGroup section */

/* Begin XCBuildConfiguration section */
		D096D28A28F4AFAB00C940EC /* Debug */ = {
			isa = XCBuildConfiguration;
			buildSettings = {
				ALWAYS_SEARCH_USER_PATHS = NO;
				CLANG_ANALYZER_NONNULL = YES;
				CLANG_ANALYZER_NUMBER_OBJECT_CONVERSION = YES_AGGRESSIVE;
				CLANG_CXX_LANGUAGE_STANDARD = "gnu++20";
				CLANG_ENABLE_MODULES = YES;
				CLANG_ENABLE_OBJC_ARC = YES;
				CLANG_ENABLE_OBJC_WEAK = YES;
				CLANG_WARN_BLOCK_CAPTURE_AUTORELEASING = YES;
				CLANG_WARN_BOOL_CONVERSION = YES;
				CLANG_WARN_COMMA = YES;
				CLANG_WARN_CONSTANT_CONVERSION = YES;
				CLANG_WARN_DEPRECATED_OBJC_IMPLEMENTATIONS = YES;
				CLANG_WARN_DIRECT_OBJC_ISA_USAGE = YES_ERROR;
				CLANG_WARN_DOCUMENTATION_COMMENTS = YES;
				CLANG_WARN_EMPTY_BODY = YES;
				CLANG_WARN_ENUM_CONVERSION = YES;
				CLANG_WARN_INFINITE_RECURSION = YES;
				CLANG_WARN_INT_CONVERSION = YES;
				CLANG_WARN_NON_LITERAL_NULL_CONVERSION = YES;
				CLANG_WARN_OBJC_IMPLICIT_RETAIN_SELF = YES;
				CLANG_WARN_OBJC_LITERAL_CONVERSION = YES;
				CLANG_WARN_OBJC_ROOT_CLASS = YES_ERROR;
				CLANG_WARN_QUOTED_INCLUDE_IN_FRAMEWORK_HEADER = YES;
				CLANG_WARN_RANGE_LOOP_ANALYSIS = YES;
				CLANG_WARN_STRICT_PROTOTYPES = YES;
				CLANG_WARN_SUSPICIOUS_MOVE = YES;
				CLANG_WARN_UNGUARDED_AVAILABILITY = YES_AGGRESSIVE;
				CLANG_WARN_UNREACHABLE_CODE = YES;
				CLANG_WARN__DUPLICATE_METHOD_MATCH = YES;
				COPY_PHASE_STRIP = NO;
				DEBUG_INFORMATION_FORMAT = dwarf;
				ENABLE_STRICT_OBJC_MSGSEND = YES;
				ENABLE_TESTABILITY = YES;
				GCC_C_LANGUAGE_STANDARD = gnu11;
				GCC_DYNAMIC_NO_PIC = NO;
				GCC_NO_COMMON_BLOCKS = YES;
				GCC_OPTIMIZATION_LEVEL = 0;
				GCC_PREPROCESSOR_DEFINITIONS = (
					"DEBUG=1",
					"$(inherited)",
				);
				GCC_WARN_64_TO_32_BIT_CONVERSION = YES;
				GCC_WARN_ABOUT_RETURN_TYPE = YES_ERROR;
				GCC_WARN_UNDECLARED_SELECTOR = YES;
				GCC_WARN_UNINITIALIZED_AUTOS = YES_AGGRESSIVE;
				GCC_WARN_UNUSED_FUNCTION = YES;
				GCC_WARN_UNUSED_VARIABLE = YES;
				IPHONEOS_DEPLOYMENT_TARGET = 16.0;
				MTL_ENABLE_DEBUG_INFO = INCLUDE_SOURCE;
				MTL_FAST_MATH = YES;
				ONLY_ACTIVE_ARCH = YES;
				SDKROOT = iphoneos;
				SWIFT_ACTIVE_COMPILATION_CONDITIONS = DEBUG;
				SWIFT_OPTIMIZATION_LEVEL = "-Onone";
			};
			name = Debug;
		};
		D096D28B28F4AFAB00C940EC /* Release */ = {
			isa = XCBuildConfiguration;
			buildSettings = {
				ALWAYS_SEARCH_USER_PATHS = NO;
				CLANG_ANALYZER_NONNULL = YES;
				CLANG_ANALYZER_NUMBER_OBJECT_CONVERSION = YES_AGGRESSIVE;
				CLANG_CXX_LANGUAGE_STANDARD = "gnu++20";
				CLANG_ENABLE_MODULES = YES;
				CLANG_ENABLE_OBJC_ARC = YES;
				CLANG_ENABLE_OBJC_WEAK = YES;
				CLANG_WARN_BLOCK_CAPTURE_AUTORELEASING = YES;
				CLANG_WARN_BOOL_CONVERSION = YES;
				CLANG_WARN_COMMA = YES;
				CLANG_WARN_CONSTANT_CONVERSION = YES;
				CLANG_WARN_DEPRECATED_OBJC_IMPLEMENTATIONS = YES;
				CLANG_WARN_DIRECT_OBJC_ISA_USAGE = YES_ERROR;
				CLANG_WARN_DOCUMENTATION_COMMENTS = YES;
				CLANG_WARN_EMPTY_BODY = YES;
				CLANG_WARN_ENUM_CONVERSION = YES;
				CLANG_WARN_INFINITE_RECURSION = YES;
				CLANG_WARN_INT_CONVERSION = YES;
				CLANG_WARN_NON_LITERAL_NULL_CONVERSION = YES;
				CLANG_WARN_OBJC_IMPLICIT_RETAIN_SELF = YES;
				CLANG_WARN_OBJC_LITERAL_CONVERSION = YES;
				CLANG_WARN_OBJC_ROOT_CLASS = YES_ERROR;
				CLANG_WARN_QUOTED_INCLUDE_IN_FRAMEWORK_HEADER = YES;
				CLANG_WARN_RANGE_LOOP_ANALYSIS = YES;
				CLANG_WARN_STRICT_PROTOTYPES = YES;
				CLANG_WARN_SUSPICIOUS_MOVE = YES;
				CLANG_WARN_UNGUARDED_AVAILABILITY = YES_AGGRESSIVE;
				CLANG_WARN_UNREACHABLE_CODE = YES;
				CLANG_WARN__DUPLICATE_METHOD_MATCH = YES;
				COPY_PHASE_STRIP = NO;
				DEBUG_INFORMATION_FORMAT = "dwarf-with-dsym";
				ENABLE_NS_ASSERTIONS = NO;
				ENABLE_STRICT_OBJC_MSGSEND = YES;
				GCC_C_LANGUAGE_STANDARD = gnu11;
				GCC_NO_COMMON_BLOCKS = YES;
				GCC_WARN_64_TO_32_BIT_CONVERSION = YES;
				GCC_WARN_ABOUT_RETURN_TYPE = YES_ERROR;
				GCC_WARN_UNDECLARED_SELECTOR = YES;
				GCC_WARN_UNINITIALIZED_AUTOS = YES_AGGRESSIVE;
				GCC_WARN_UNUSED_FUNCTION = YES;
				GCC_WARN_UNUSED_VARIABLE = YES;
				IPHONEOS_DEPLOYMENT_TARGET = 16.0;
				MTL_ENABLE_DEBUG_INFO = NO;
				MTL_FAST_MATH = YES;
				SDKROOT = iphoneos;
				SWIFT_COMPILATION_MODE = wholemodule;
				SWIFT_OPTIMIZATION_LEVEL = "-O";
				VALIDATE_PRODUCT = YES;
			};
			name = Release;
		};
		D096D28D28F4AFAB00C940EC /* Debug */ = {
			isa = XCBuildConfiguration;
			buildSettings = {
				ASSETCATALOG_COMPILER_APPICON_NAME = AppIcon;
				ASSETCATALOG_COMPILER_GLOBAL_ACCENT_COLOR_NAME = AccentColor;
				CODE_SIGN_STYLE = Automatic;
				CURRENT_PROJECT_VERSION = 1;
				DEVELOPMENT_TEAM = 6DY9MQX7VY;
				GENERATE_INFOPLIST_FILE = YES;
				INFOPLIST_FILE = "app-swoosh/Info.plist";
				INFOPLIST_KEY_UIApplicationSupportsIndirectInputEvents = YES;
				INFOPLIST_KEY_UILaunchStoryboardName = LaunchScreen;
				INFOPLIST_KEY_UIMainStoryboardFile = Main;
				INFOPLIST_KEY_UISupportedInterfaceOrientations_iPad = "UIInterfaceOrientationPortrait UIInterfaceOrientationPortraitUpsideDown UIInterfaceOrientationLandscapeLeft UIInterfaceOrientationLandscapeRight";
				INFOPLIST_KEY_UISupportedInterfaceOrientations_iPhone = "UIInterfaceOrientationPortrait UIInterfaceOrientationLandscapeLeft UIInterfaceOrientationLandscapeRight";
				LD_RUNPATH_SEARCH_PATHS = (
					"$(inherited)",
					"@executable_path/Frameworks",
				);
				MARKETING_VERSION = 1.0;
				PRODUCT_BUNDLE_IDENTIFIER = "mykhailokazymyr.com.app-swoosh";
				PRODUCT_NAME = "$(TARGET_NAME)";
				SWIFT_EMIT_LOC_STRINGS = YES;
				SWIFT_VERSION = 5.0;
				TARGETED_DEVICE_FAMILY = "1,2";
			};
			name = Debug;
		};
		D096D28E28F4AFAB00C940EC /* Release */ = {
			isa = XCBuildConfiguration;
			buildSettings = {
				ASSETCATALOG_COMPILER_APPICON_NAME = AppIcon;
				ASSETCATALOG_COMPILER_GLOBAL_ACCENT_COLOR_NAME = AccentColor;
				CODE_SIGN_STYLE = Automatic;
				CURRENT_PROJECT_VERSION = 1;
				DEVELOPMENT_TEAM = 6DY9MQX7VY;
				GENERATE_INFOPLIST_FILE = YES;
				INFOPLIST_FILE = "app-swoosh/Info.plist";
				INFOPLIST_KEY_UIApplicationSupportsIndirectInputEvents = YES;
				INFOPLIST_KEY_UILaunchStoryboardName = LaunchScreen;
				INFOPLIST_KEY_UIMainStoryboardFile = Main;
				INFOPLIST_KEY_UISupportedInterfaceOrientations_iPad = "UIInterfaceOrientationPortrait UIInterfaceOrientationPortraitUpsideDown UIInterfaceOrientationLandscapeLeft UIInterfaceOrientationLandscapeRight";
				INFOPLIST_KEY_UISupportedInterfaceOrientations_iPhone = "UIInterfaceOrientationPortrait UIInterfaceOrientationLandscapeLeft UIInterfaceOrientationLandscapeRight";
				LD_RUNPATH_SEARCH_PATHS = (
					"$(inherited)",
					"@executable_path/Frameworks",
				);
				MARKETING_VERSION = 1.0;
				PRODUCT_BUNDLE_IDENTIFIER = "mykhailokazymyr.com.app-swoosh";
				PRODUCT_NAME = "$(TARGET_NAME)";
				SWIFT_EMIT_LOC_STRINGS = YES;
				SWIFT_VERSION = 5.0;
				TARGETED_DEVICE_FAMILY = "1,2";
			};
			name = Release;
		};
/* End XCBuildConfiguration section */

/* Begin XCConfigurationList section */
		D096D27328F4AFA900C940EC /* Build configuration list for PBXProject "app-swoosh" */ = {
			isa = XCConfigurationList;
			buildConfigurations = (
				D096D28A28F4AFAB00C940EC /* Debug */,
				D096D28B28F4AFAB00C940EC /* Release */,
			);
			defaultConfigurationIsVisible = 0;
			defaultConfigurationName = Release;
		};
		D096D28C28F4AFAB00C940EC /* Build configuration list for PBXNativeTarget "app-swoosh" */ = {
			isa = XCConfigurationList;
			buildConfigurations = (
				D096D28D28F4AFAB00C940EC /* Debug */,
				D096D28E28F4AFAB00C940EC /* Release */,
			);
			defaultConfigurationIsVisible = 0;
			defaultConfigurationName = Release;
		};
/* End XCConfigurationList section */
	};
	rootObject = D096D27028F4AFA900C940EC /* Project object */;
}
